
Microsoft Visual Studio Solution File, Format Version 12.00
# Visual Studio Version 17
VisualStudioVersion = 17.6.33829.357
MinimumVisualStudioVersion = 10.0.40219.1
Project("{FAE04EC0-301F-11D3-BF4B-00C04F79EFBC}") = "domain", "domain\domain.csproj", "{D33A90B3-234B-41C9-B44E-1B8444DD678B}"
EndProject
Global
	GlobalSection(SolutionConfigurationPlatforms) = preSolution
		Debug|Any CPU = Debug|Any CPU
		Release|Any CPU = Release|Any CPU
	EndGlobalSection
	GlobalSection(ProjectConfigurationPlatforms) = postSolution
		{D33A90B3-234B-41C9-B44E-1B8444DD678B}.Debug|Any CPU.ActiveCfg = Debug|Any CPU
		{D33A90B3-234B-41C9-B44E-1B8444DD678B}.Debug|Any CPU.Build.0 = Debug|Any CPU
		{D33A90B3-234B-41C9-B44E-1B8444DD678B}.Release|Any CPU.ActiveCfg = Release|Any CPU
		{D33A90B3-234B-41C9-B44E-1B8444DD678B}.Release|Any CPU.Build.0 = Release|Any CPU
	EndGlobalSection
	GlobalSection(SolutionProperties) = preSolution
		HideSolutionNode = FALSE
	EndGlobalSection
	GlobalSection(ExtensibilityGlobals) = postSolution
		SolutionGuid = {78A40C86-CD40-4E67-9973-87774A8AC5D4}
	EndGlobalSection
EndGlobal
